
Microsoft Visual Studio Solution File, Format Version 12.00
# Visual Studio Version 17
VisualStudioVersion = 17.0.31903.59
MinimumVisualStudioVersion = 10.0.40219.1
Project("{2150E333-8FDC-42A3-9474-1A3956D46DE8}") = "src", "src", "{5F627C37-EF6C-48ED-9439-2CEE544DB20D}"
EndProject
Project("{FAE04EC0-301F-11D3-BF4B-00C04F79EFBC}") = "Mediator.Simple", "src\Mediator.Simple\Mediator.Simple.csproj", "{B149F221-7B19-4259-B7B7-52505B973C2E}"
EndProject
Project("{FAE04EC0-301F-11D3-BF4B-00C04F79EFBC}") = "Mediator.Benchmarks", "src\Mediator.Benchmarks\Mediator.Benchmarks.csproj", "{E6109640-5F84-47C7-930C-F524C106C5D1}"
EndProject
Project("{FAE04EC0-301F-11D3-BF4B-00C04F79EFBC}") = "Mediator.Performance", "src\Mediator.Performance\Mediator.Performance.csproj", "{6D18E4C3-02AE-4536-B1F1-DBF650CFBB5A}"
EndProject
Project("{FAE04EC0-301F-11D3-BF4B-00C04F79EFBC}") = "Mediator.Shared", "src\Mediator.Shared\Mediator.Shared.csproj", "{FBC05FBF-1E35-4EDE-BF36-7938F62FCB3F}"
EndProject
Global
	GlobalSection(SolutionConfigurationPlatforms) = preSolution
		Debug|Any CPU = Debug|Any CPU
		Release|Any CPU = Release|Any CPU
	EndGlobalSection
	GlobalSection(SolutionProperties) = preSolution
		HideSolutionNode = FALSE
	EndGlobalSection
	GlobalSection(ProjectConfigurationPlatforms) = postSolution
		{B149F221-7B19-4259-B7B7-52505B973C2E}.Debug|Any CPU.ActiveCfg = Debug|Any CPU
		{B149F221-7B19-4259-B7B7-52505B973C2E}.Debug|Any CPU.Build.0 = Debug|Any CPU
		{B149F221-7B19-4259-B7B7-52505B973C2E}.Release|Any CPU.ActiveCfg = Release|Any CPU
		{B149F221-7B19-4259-B7B7-52505B973C2E}.Release|Any CPU.Build.0 = Release|Any CPU
		{E6109640-5F84-47C7-930C-F524C106C5D1}.Debug|Any CPU.ActiveCfg = Debug|Any CPU
		{E6109640-5F84-47C7-930C-F524C106C5D1}.Debug|Any CPU.Build.0 = Debug|Any CPU
		{E6109640-5F84-47C7-930C-F524C106C5D1}.Release|Any CPU.ActiveCfg = Release|Any CPU
		{E6109640-5F84-47C7-930C-F524C106C5D1}.Release|Any CPU.Build.0 = Release|Any CPU
		{6D18E4C3-02AE-4536-B1F1-DBF650CFBB5A}.Debug|Any CPU.ActiveCfg = Debug|Any CPU
		{6D18E4C3-02AE-4536-B1F1-DBF650CFBB5A}.Debug|Any CPU.Build.0 = Debug|Any CPU
		{6D18E4C3-02AE-4536-B1F1-DBF650CFBB5A}.Release|Any CPU.ActiveCfg = Release|Any CPU
		{6D18E4C3-02AE-4536-B1F1-DBF650CFBB5A}.Release|Any CPU.Build.0 = Release|Any CPU
		{FBC05FBF-1E35-4EDE-BF36-7938F62FCB3F}.Debug|Any CPU.ActiveCfg = Debug|Any CPU
		{FBC05FBF-1E35-4EDE-BF36-7938F62FCB3F}.Debug|Any CPU.Build.0 = Debug|Any CPU
		{FBC05FBF-1E35-4EDE-BF36-7938F62FCB3F}.Release|Any CPU.ActiveCfg = Release|Any CPU
		{FBC05FBF-1E35-4EDE-BF36-7938F62FCB3F}.Release|Any CPU.Build.0 = Release|Any CPU
	EndGlobalSection
	GlobalSection(NestedProjects) = preSolution
		{B149F221-7B19-4259-B7B7-52505B973C2E} = {5F627C37-EF6C-48ED-9439-2CEE544DB20D}
		{E6109640-5F84-47C7-930C-F524C106C5D1} = {5F627C37-EF6C-48ED-9439-2CEE544DB20D}
		{6D18E4C3-02AE-4536-B1F1-DBF650CFBB5A} = {5F627C37-EF6C-48ED-9439-2CEE544DB20D}
		{FBC05FBF-1E35-4EDE-BF36-7938F62FCB3F} = {5F627C37-EF6C-48ED-9439-2CEE544DB20D}
	EndGlobalSection
EndGlobal
